Microsoft Visual Studio Solution File, Format Version 11.00
# Visual Studio 2008

Project("{CF8BD51A-3A77-2048-54D8-08ADC4A1D1B1}") = "SphereGame", "Assembly-CSharp.csproj", "{76821C86-E830-0F37-E899-26BA739C84F7}"
EndProject
Global
	GlobalSection(SolutionConfigurationPlatforms) = preSolution
		Debug|Any CPU = Debug|Any CPU
		Release|Any CPU = Release|Any CPU
	EndGlobalSection
	GlobalSection(ProjectConfigurationPlatforms) = postSolution
		{76821C86-E830-0F37-E899-26BA739C84F7}.Debug|Any CPU.ActiveCfg = Debug|Any CPU
		{76821C86-E830-0F37-E899-26BA739C84F7}.Debug|Any CPU.Build.0 = Debug|Any CPU
		{76821C86-E830-0F37-E899-26BA739C84F7}.Release|Any CPU.ActiveCfg = Release|Any CPU
		{76821C86-E830-0F37-E899-26BA739C84F7}.Release|Any CPU.Build.0 = Release|Any CPU
	EndGlobalSection
	GlobalSection(SolutionProperties) = preSolution
		HideSolutionNode = FALSE
	EndGlobalSection
				GlobalSection(MonoDevelopProperties) = preSolution
		StartupItem = Assembly-CSharp.csproj
		Policies = $0
		$0.TextStylePolicy = $1
		$1.inheritsSet = null
		$1.scope = text/x-csharp
		$0.CSharpFormattingPolicy = $2
		$2.inheritsSet = Mono
		$2.inheritsScope = text/x-csharp
		$2.scope = text/x-csharp
		$0.TextStylePolicy = $3
		$3.FileWidth = 120
		$3.TabWidth = 4
		$3.IndentWidth = 4
		$3.EolMarker = Unix
		$3.inheritsSet = Mono
		$3.inheritsScope = text/plain
		$3.scope = text/plain
	EndGlobalSection

EndGlobal
