
Microsoft Visual Studio Solution File, Format Version 11.00
# Visual C# Express 2010
Project("{FAE04EC0-301F-11D3-BF4B-00C04F79EFBC}") = "PenisPotato", "PenisPotato\PenisPotato\PenisPotato.csproj", "{58A19982-4BCD-4C68-92F2-66F0475160B9}"
EndProject
Project("{96E2B04D-8817-42C6-938A-82C39BA4D311}") = "PenisPotatoContent", "PenisPotato\PenisPotatoContent\PenisPotatoContent.contentproj", "{A06D4B90-8D55-4EC6-AE00-84B4CE73E14B}"
EndProject
Global
	GlobalSection(SolutionConfigurationPlatforms) = preSolution
		Debug|x86 = Debug|x86
		Release|x86 = Release|x86
	EndGlobalSection
	GlobalSection(ProjectConfigurationPlatforms) = postSolution
		{58A19982-4BCD-4C68-92F2-66F0475160B9}.Debug|x86.ActiveCfg = Debug|x86
		{58A19982-4BCD-4C68-92F2-66F0475160B9}.Debug|x86.Build.0 = Debug|x86
		{58A19982-4BCD-4C68-92F2-66F0475160B9}.Release|x86.ActiveCfg = Release|x86
		{58A19982-4BCD-4C68-92F2-66F0475160B9}.Release|x86.Build.0 = Release|x86
		{A06D4B90-8D55-4EC6-AE00-84B4CE73E14B}.Debug|x86.ActiveCfg = Debug|x86
		{A06D4B90-8D55-4EC6-AE00-84B4CE73E14B}.Release|x86.ActiveCfg = Release|x86
	EndGlobalSection
	GlobalSection(SolutionProperties) = preSolution
		HideSolutionNode = FALSE
	EndGlobalSection
EndGlobal
