
Microsoft Visual Studio Solution File, Format Version 12.00
# Visual Studio 2015
Project("{FAE04EC0-301F-11D3-BF4B-00C04F79EFBC}") = "multilobby.CSharp.Plugins", "multilobby.CSharp.Plugins.csproj", "{0C48F960-0B60-6B8A-2631-D46B3AC189B7}"
EndProject
Project("{FAE04EC0-301F-11D3-BF4B-00C04F79EFBC}") = "multilobby.CSharp", "multilobby.CSharp.csproj", "{0D2161B5-E2BC-3048-70AD-B665335233AA}"
EndProject
Project("{FAE04EC0-301F-11D3-BF4B-00C04F79EFBC}") = "multilobby.CSharp.Editor", "multilobby.CSharp.Editor.csproj", "{447B45EF-11A5-C75F-8F1F-5E5698AB5510}"
EndProject
Global
	GlobalSection(SolutionConfigurationPlatforms) = preSolution
		Debug|Any CPU = Debug|Any CPU
		Release|Any CPU = Release|Any CPU
	EndGlobalSection
	GlobalSection(ProjectConfigurationPlatforms) = postSolution
		{0C48F960-0B60-6B8A-2631-D46B3AC189B7}.Debug|Any CPU.ActiveCfg = Debug|Any CPU
		{0C48F960-0B60-6B8A-2631-D46B3AC189B7}.Debug|Any CPU.Build.0 = Debug|Any CPU
		{0C48F960-0B60-6B8A-2631-D46B3AC189B7}.Release|Any CPU.ActiveCfg = Release|Any CPU
		{0C48F960-0B60-6B8A-2631-D46B3AC189B7}.Release|Any CPU.Build.0 = Release|Any CPU
		{0D2161B5-E2BC-3048-70AD-B665335233AA}.Debug|Any CPU.ActiveCfg = Debug|Any CPU
		{0D2161B5-E2BC-3048-70AD-B665335233AA}.Debug|Any CPU.Build.0 = Debug|Any CPU
		{0D2161B5-E2BC-3048-70AD-B665335233AA}.Release|Any CPU.ActiveCfg = Release|Any CPU
		{0D2161B5-E2BC-3048-70AD-B665335233AA}.Release|Any CPU.Build.0 = Release|Any CPU
		{447B45EF-11A5-C75F-8F1F-5E5698AB5510}.Debug|Any CPU.ActiveCfg = Debug|Any CPU
		{447B45EF-11A5-C75F-8F1F-5E5698AB5510}.Debug|Any CPU.Build.0 = Debug|Any CPU
		{447B45EF-11A5-C75F-8F1F-5E5698AB5510}.Release|Any CPU.ActiveCfg = Release|Any CPU
		{447B45EF-11A5-C75F-8F1F-5E5698AB5510}.Release|Any CPU.Build.0 = Release|Any CPU
	EndGlobalSection
	GlobalSection(SolutionProperties) = preSolution
		HideSolutionNode = FALSE
	EndGlobalSection
EndGlobal
