Microsoft Visual Studio Solution File, Format Version 11.00
# Visual Studio 2008

Project("{14DA907C-4FA2-9967-0A0A-5208D15A18A8}") = "ForTheLoveOfPower", "Assembly-CSharp.csproj", "{71FB0D6B-6F77-7738-4FE8-1BBDEFE09416}"
EndProject
Project("{14DA907C-4FA2-9967-0A0A-5208D15A18A8}") = "ForTheLoveOfPower", "Assembly-CSharp-Editor.csproj", "{B5842CB2-A973-E6B5-53C1-BB909062B9C6}"
EndProject
Global
	GlobalSection(SolutionConfigurationPlatforms) = preSolution
		Debug|Any CPU = Debug|Any CPU
		Release|Any CPU = Release|Any CPU
	EndGlobalSection
	GlobalSection(ProjectConfigurationPlatforms) = postSolution
		{71FB0D6B-6F77-7738-4FE8-1BBDEFE09416}.Debug|Any CPU.ActiveCfg = Debug|Any CPU
		{71FB0D6B-6F77-7738-4FE8-1BBDEFE09416}.Debug|Any CPU.Build.0 = Debug|Any CPU
		{71FB0D6B-6F77-7738-4FE8-1BBDEFE09416}.Release|Any CPU.ActiveCfg = Release|Any CPU
		{71FB0D6B-6F77-7738-4FE8-1BBDEFE09416}.Release|Any CPU.Build.0 = Release|Any CPU
		{B5842CB2-A973-E6B5-53C1-BB909062B9C6}.Debug|Any CPU.ActiveCfg = Debug|Any CPU
		{B5842CB2-A973-E6B5-53C1-BB909062B9C6}.Debug|Any CPU.Build.0 = Debug|Any CPU
		{B5842CB2-A973-E6B5-53C1-BB909062B9C6}.Release|Any CPU.ActiveCfg = Release|Any CPU
		{B5842CB2-A973-E6B5-53C1-BB909062B9C6}.Release|Any CPU.Build.0 = Release|Any CPU
	EndGlobalSection
	GlobalSection(SolutionProperties) = preSolution
		HideSolutionNode = FALSE
	EndGlobalSection
																GlobalSection(MonoDevelopProperties) = preSolution
		StartupItem = Assembly-CSharp.csproj
		Policies = $0
		$0.TextStylePolicy = $1
		$1.inheritsSet = null
		$1.scope = text/x-csharp
		$0.CSharpFormattingPolicy = $2
		$2.inheritsSet = Mono
		$2.inheritsScope = text/x-csharp
		$2.scope = text/x-csharp
		$0.TextStylePolicy = $3
		$3.FileWidth = 120
		$3.TabWidth = 4
		$3.IndentWidth = 4
		$3.EolMarker = Unix
		$3.inheritsSet = Mono
		$3.inheritsScope = text/plain
		$3.scope = text/plain
	EndGlobalSection

EndGlobal
