
Microsoft Visual Studio Solution File, Format Version 12.00
# Visual Studio 2015
Project("{FAE04EC0-301F-11D3-BF4B-00C04F79EFBC}") = "ForTheLoveOfPower.CSharp.Plugins", "ForTheLoveOfPower.CSharp.Plugins.csproj", "{F9F1AB7C-3183-DC60-8111-F9DC36237849}"
EndProject
Project("{FAE04EC0-301F-11D3-BF4B-00C04F79EFBC}") = "ForTheLoveOfPower.CSharp", "ForTheLoveOfPower.CSharp.csproj", "{34A31C7A-2E65-1A53-CE16-2CD1E0A9BE2E}"
EndProject
Project("{FAE04EC0-301F-11D3-BF4B-00C04F79EFBC}") = "ForTheLoveOfPower.CSharp.Editor", "ForTheLoveOfPower.CSharp.Editor.csproj", "{0176DE6C-4B16-8821-0115-005D84DA4A47}"
EndProject
Global
	GlobalSection(SolutionConfigurationPlatforms) = preSolution
		Debug|Any CPU = Debug|Any CPU
		Release|Any CPU = Release|Any CPU
	EndGlobalSection
	GlobalSection(ProjectConfigurationPlatforms) = postSolution
		{F9F1AB7C-3183-DC60-8111-F9DC36237849}.Debug|Any CPU.ActiveCfg = Debug|Any CPU
		{F9F1AB7C-3183-DC60-8111-F9DC36237849}.Debug|Any CPU.Build.0 = Debug|Any CPU
		{F9F1AB7C-3183-DC60-8111-F9DC36237849}.Release|Any CPU.ActiveCfg = Release|Any CPU
		{F9F1AB7C-3183-DC60-8111-F9DC36237849}.Release|Any CPU.Build.0 = Release|Any CPU
		{34A31C7A-2E65-1A53-CE16-2CD1E0A9BE2E}.Debug|Any CPU.ActiveCfg = Debug|Any CPU
		{34A31C7A-2E65-1A53-CE16-2CD1E0A9BE2E}.Debug|Any CPU.Build.0 = Debug|Any CPU
		{34A31C7A-2E65-1A53-CE16-2CD1E0A9BE2E}.Release|Any CPU.ActiveCfg = Release|Any CPU
		{34A31C7A-2E65-1A53-CE16-2CD1E0A9BE2E}.Release|Any CPU.Build.0 = Release|Any CPU
		{0176DE6C-4B16-8821-0115-005D84DA4A47}.Debug|Any CPU.ActiveCfg = Debug|Any CPU
		{0176DE6C-4B16-8821-0115-005D84DA4A47}.Debug|Any CPU.Build.0 = Debug|Any CPU
		{0176DE6C-4B16-8821-0115-005D84DA4A47}.Release|Any CPU.ActiveCfg = Release|Any CPU
		{0176DE6C-4B16-8821-0115-005D84DA4A47}.Release|Any CPU.Build.0 = Release|Any CPU
	EndGlobalSection
	GlobalSection(SolutionProperties) = preSolution
		HideSolutionNode = FALSE
	EndGlobalSection
EndGlobal
